
Microsoft Visual Studio Solution File, Format Version 12.00
# Visual Studio Version 16
VisualStudioVersion = 16.0.31911.196
MinimumVisualStudioVersion = 10.0.40219.1
Project("{9A19103F-16F7-4668-BE54-9A1E7A4F7556}") = "JobPortalCoreApp", "JobPortalCoreApp.csproj", "{E4D98632-687E-47A6-84BC-C41E692E1FAD}"
EndProject
Project("{9A19103F-16F7-4668-BE54-9A1E7A4F7556}") = "JobPortalCore.BAL", "..\JobPortalCore.BAL\JobPortalCore.BAL.csproj", "{2F8D0AC5-555F-426A-942C-3BF00D5121F2}"
EndProject
Project("{9A19103F-16F7-4668-BE54-9A1E7A4F7556}") = "JobPortalCore.DAL", "..\JobPortalCore.DAL\JobPortalCore.DAL.csproj", "{2E8A10BF-8205-4116-8359-32DDA1C6767B}"
EndProject
Project("{9A19103F-16F7-4668-BE54-9A1E7A4F7556}") = "JobPortalCore.Entity", "..\JobPortalCore.Entity\JobPortalCore.Entity.csproj", "{5DDAC284-A909-467B-91FB-F812C8099F12}"
EndProject
Project("{FAE04EC0-301F-11D3-BF4B-00C04F79EFBC}") = "JobPortalCore.UI", "..\JobPortalCore.UI\JobPortalCore.UI.csproj", "{93E2FE56-F92E-4F01-A744-BA919792E61F}"
EndProject
Global
	GlobalSection(SolutionConfigurationPlatforms) = preSolution
		Debug|Any CPU = Debug|Any CPU
		Release|Any CPU = Release|Any CPU
	EndGlobalSection
	GlobalSection(ProjectConfigurationPlatforms) = postSolution
		{E4D98632-687E-47A6-84BC-C41E692E1FAD}.Debug|Any CPU.ActiveCfg = Debug|Any CPU
		{E4D98632-687E-47A6-84BC-C41E692E1FAD}.Debug|Any CPU.Build.0 = Debug|Any CPU
		{E4D98632-687E-47A6-84BC-C41E692E1FAD}.Release|Any CPU.ActiveCfg = Release|Any CPU
		{E4D98632-687E-47A6-84BC-C41E692E1FAD}.Release|Any CPU.Build.0 = Release|Any CPU
		{2F8D0AC5-555F-426A-942C-3BF00D5121F2}.Debug|Any CPU.ActiveCfg = Debug|Any CPU
		{2F8D0AC5-555F-426A-942C-3BF00D5121F2}.Debug|Any CPU.Build.0 = Debug|Any CPU
		{2F8D0AC5-555F-426A-942C-3BF00D5121F2}.Release|Any CPU.ActiveCfg = Release|Any CPU
		{2F8D0AC5-555F-426A-942C-3BF00D5121F2}.Release|Any CPU.Build.0 = Release|Any CPU
		{2E8A10BF-8205-4116-8359-32DDA1C6767B}.Debug|Any CPU.ActiveCfg = Debug|Any CPU
		{2E8A10BF-8205-4116-8359-32DDA1C6767B}.Debug|Any CPU.Build.0 = Debug|Any CPU
		{2E8A10BF-8205-4116-8359-32DDA1C6767B}.Release|Any CPU.ActiveCfg = Release|Any CPU
		{2E8A10BF-8205-4116-8359-32DDA1C6767B}.Release|Any CPU.Build.0 = Release|Any CPU
		{5DDAC284-A909-467B-91FB-F812C8099F12}.Debug|Any CPU.ActiveCfg = Debug|Any CPU
		{5DDAC284-A909-467B-91FB-F812C8099F12}.Debug|Any CPU.Build.0 = Debug|Any CPU
		{5DDAC284-A909-467B-91FB-F812C8099F12}.Release|Any CPU.ActiveCfg = Release|Any CPU
		{5DDAC284-A909-467B-91FB-F812C8099F12}.Release|Any CPU.Build.0 = Release|Any CPU
		{93E2FE56-F92E-4F01-A744-BA919792E61F}.Debug|Any CPU.ActiveCfg = Debug|Any CPU
		{93E2FE56-F92E-4F01-A744-BA919792E61F}.Debug|Any CPU.Build.0 = Debug|Any CPU
		{93E2FE56-F92E-4F01-A744-BA919792E61F}.Release|Any CPU.ActiveCfg = Release|Any CPU
		{93E2FE56-F92E-4F01-A744-BA919792E61F}.Release|Any CPU.Build.0 = Release|Any CPU
	EndGlobalSection
	GlobalSection(SolutionProperties) = preSolution
		HideSolutionNode = FALSE
	EndGlobalSection
	GlobalSection(ExtensibilityGlobals) = postSolution
		SolutionGuid = {F504C4C5-D45B-47B0-A4F7-570408FC2075}
	EndGlobalSection
EndGlobal
